
Microsoft Visual Studio Solution File, Format Version 12.00
# Visual Studio Version 17
VisualStudioVersion = 17.12.35707.178
MinimumVisualStudioVersion = 10.0.40219.1
Project("{FAE04EC0-301F-11D3-BF4B-00C04F79EFBC}") = "RecetaTipicaRD.API", "RecetaTipicaRD.API\RecetaTipicaRD.API.csproj", "{67AEA10F-AD48-02F6-4B65-058137C7950A}"
EndProject
Project("{FAE04EC0-301F-11D3-BF4B-00C04F79EFBC}") = "RecetaTipicaRD.Application", "RecetaTipicaRD.Application\RecetaTipicaRD.Application.csproj", "{F2D33418-B6FE-C296-03F5-BED52FACCB27}"
EndProject
Project("{FAE04EC0-301F-11D3-BF4B-00C04F79EFBC}") = "RecetaTipicaRD.Domain", "RecetaTipicaRD.Domain\RecetaTipicaRD.Domain.csproj", "{17663D3F-DAF2-42F3-681E-2FBE1899955A}"
EndProject
Project("{FAE04EC0-301F-11D3-BF4B-00C04F79EFBC}") = "RecetaTipicaRD.Infrastructure", "RecetaTipicaRD.Infrastructure\RecetaTipicaRD.Infrastructure.csproj", "{FA6DC019-7C2F-E3E1-BF1D-93137C8AB4F6}"
EndProject
Global
	GlobalSection(SolutionConfigurationPlatforms) = preSolution
		Debug|Any CPU = Debug|Any CPU
		Release|Any CPU = Release|Any CPU
	EndGlobalSection
	GlobalSection(ProjectConfigurationPlatforms) = postSolution
		{67AEA10F-AD48-02F6-4B65-058137C7950A}.Debug|Any CPU.ActiveCfg = Debug|Any CPU
		{67AEA10F-AD48-02F6-4B65-058137C7950A}.Debug|Any CPU.Build.0 = Debug|Any CPU
		{67AEA10F-AD48-02F6-4B65-058137C7950A}.Release|Any CPU.ActiveCfg = Release|Any CPU
		{67AEA10F-AD48-02F6-4B65-058137C7950A}.Release|Any CPU.Build.0 = Release|Any CPU
		{F2D33418-B6FE-C296-03F5-BED52FACCB27}.Debug|Any CPU.ActiveCfg = Debug|Any CPU
		{F2D33418-B6FE-C296-03F5-BED52FACCB27}.Debug|Any CPU.Build.0 = Debug|Any CPU
		{F2D33418-B6FE-C296-03F5-BED52FACCB27}.Release|Any CPU.ActiveCfg = Release|Any CPU
		{F2D33418-B6FE-C296-03F5-BED52FACCB27}.Release|Any CPU.Build.0 = Release|Any CPU
		{17663D3F-DAF2-42F3-681E-2FBE1899955A}.Debug|Any CPU.ActiveCfg = Debug|Any CPU
		{17663D3F-DAF2-42F3-681E-2FBE1899955A}.Debug|Any CPU.Build.0 = Debug|Any CPU
		{17663D3F-DAF2-42F3-681E-2FBE1899955A}.Release|Any CPU.ActiveCfg = Release|Any CPU
		{17663D3F-DAF2-42F3-681E-2FBE1899955A}.Release|Any CPU.Build.0 = Release|Any CPU
		{FA6DC019-7C2F-E3E1-BF1D-93137C8AB4F6}.Debug|Any CPU.ActiveCfg = Debug|Any CPU
		{FA6DC019-7C2F-E3E1-BF1D-93137C8AB4F6}.Debug|Any CPU.Build.0 = Debug|Any CPU
		{FA6DC019-7C2F-E3E1-BF1D-93137C8AB4F6}.Release|Any CPU.ActiveCfg = Release|Any CPU
		{FA6DC019-7C2F-E3E1-BF1D-93137C8AB4F6}.Release|Any CPU.Build.0 = Release|Any CPU
	EndGlobalSection
	GlobalSection(SolutionProperties) = preSolution
		HideSolutionNode = FALSE
	EndGlobalSection
	GlobalSection(ExtensibilityGlobals) = postSolution
		SolutionGuid = {05F2641E-3294-400B-A751-F4620AAC2EC2}
	EndGlobalSection
EndGlobal
